
Microsoft Visual Studio Solution File, Format Version 12.00
# Visual Studio Version 17
VisualStudioVersion = 17.7.34031.279
MinimumVisualStudioVersion = 10.0.40219.1
Project("{FAE04EC0-301F-11D3-BF4B-00C04F79EFBC}") = "Ex 21", "Ex 21.csproj", "{5B8E9DFA-0EA7-47B2-8785-0F1033D3D702}"
EndProject
Global
	GlobalSection(SolutionConfigurationPlatforms) = preSolution
		Debug|Any CPU = Debug|Any CPU
		Release|Any CPU = Release|Any CPU
	EndGlobalSection
	GlobalSection(ProjectConfigurationPlatforms) = postSolution
		{5B8E9DFA-0EA7-47B2-8785-0F1033D3D702}.Debug|Any CPU.ActiveCfg = Debug|Any CPU
		{5B8E9DFA-0EA7-47B2-8785-0F1033D3D702}.Debug|Any CPU.Build.0 = Debug|Any CPU
		{5B8E9DFA-0EA7-47B2-8785-0F1033D3D702}.Release|Any CPU.ActiveCfg = Release|Any CPU
		{5B8E9DFA-0EA7-47B2-8785-0F1033D3D702}.Release|Any CPU.Build.0 = Release|Any CPU
	EndGlobalSection
	GlobalSection(SolutionProperties) = preSolution
		HideSolutionNode = FALSE
	EndGlobalSection
	GlobalSection(ExtensibilityGlobals) = postSolution
		SolutionGuid = {F5F2DC40-C04A-4DBE-ACA5-2BB258C1CF22}
	EndGlobalSection
EndGlobal
