
Microsoft Visual Studio Solution File, Format Version 12.00
# Visual Studio Version 17
VisualStudioVersion = 17.7.34031.279
MinimumVisualStudioVersion = 10.0.40219.1
Project("{FAE04EC0-301F-11D3-BF4B-00C04F79EFBC}") = "ordine cresc", "ordine cresc.csproj", "{6C1B4058-DA78-4DE2-887C-6DD96675CAF0}"
EndProject
Global
	GlobalSection(SolutionConfigurationPlatforms) = preSolution
		Debug|Any CPU = Debug|Any CPU
		Release|Any CPU = Release|Any CPU
	EndGlobalSection
	GlobalSection(ProjectConfigurationPlatforms) = postSolution
		{6C1B4058-DA78-4DE2-887C-6DD96675CAF0}.Debug|Any CPU.ActiveCfg = Debug|Any CPU
		{6C1B4058-DA78-4DE2-887C-6DD96675CAF0}.Debug|Any CPU.Build.0 = Debug|Any CPU
		{6C1B4058-DA78-4DE2-887C-6DD96675CAF0}.Release|Any CPU.ActiveCfg = Release|Any CPU
		{6C1B4058-DA78-4DE2-887C-6DD96675CAF0}.Release|Any CPU.Build.0 = Release|Any CPU
	EndGlobalSection
	GlobalSection(SolutionProperties) = preSolution
		HideSolutionNode = FALSE
	EndGlobalSection
	GlobalSection(ExtensibilityGlobals) = postSolution
		SolutionGuid = {D51C9C8C-F245-4406-8FFE-1828B73F6B63}
	EndGlobalSection
EndGlobal
