
Microsoft Visual Studio Solution File, Format Version 12.00
# Visual Studio Version 17
VisualStudioVersion = 17.7.34031.279
MinimumVisualStudioVersion = 10.0.40219.1
Project("{FAE04EC0-301F-11D3-BF4B-00C04F79EFBC}") = "Swap restrictionat", "Swap restrictionat.csproj", "{C7BD1BD3-9A69-4BFB-85C4-34C8FF13DE2F}"
EndProject
Global
	GlobalSection(SolutionConfigurationPlatforms) = preSolution
		Debug|Any CPU = Debug|Any CPU
		Release|Any CPU = Release|Any CPU
	EndGlobalSection
	GlobalSection(ProjectConfigurationPlatforms) = postSolution
		{C7BD1BD3-9A69-4BFB-85C4-34C8FF13DE2F}.Debug|Any CPU.ActiveCfg = Debug|Any CPU
		{C7BD1BD3-9A69-4BFB-85C4-34C8FF13DE2F}.Debug|Any CPU.Build.0 = Debug|Any CPU
		{C7BD1BD3-9A69-4BFB-85C4-34C8FF13DE2F}.Release|Any CPU.ActiveCfg = Release|Any CPU
		{C7BD1BD3-9A69-4BFB-85C4-34C8FF13DE2F}.Release|Any CPU.Build.0 = Release|Any CPU
	EndGlobalSection
	GlobalSection(SolutionProperties) = preSolution
		HideSolutionNode = FALSE
	EndGlobalSection
	GlobalSection(ExtensibilityGlobals) = postSolution
		SolutionGuid = {6A4CDAB4-8E96-492A-8FC5-1C1F2578D498}
	EndGlobalSection
EndGlobal
